
Microsoft Visual Studio Solution File, Format Version 11.00
# Visual Studio 2010
Project("{FAE04EC0-301F-11D3-BF4B-00C04F79EFBC}") = "RetroLander", "Assembly-CSharp.csproj", "{3444BE56-160D-2EC7-D3B3-750C58483293}"
EndProject
Global
	GlobalSection(SolutionConfigurationPlatforms) = preSolution
		Debug|Any CPU = Debug|Any CPU
		Release|Any CPU = Release|Any CPU
	EndGlobalSection
	GlobalSection(ProjectConfigurationPlatforms) = postSolution
		{3444BE56-160D-2EC7-D3B3-750C58483293}.Debug|Any CPU.ActiveCfg = Debug|Any CPU
		{3444BE56-160D-2EC7-D3B3-750C58483293}.Debug|Any CPU.Build.0 = Debug|Any CPU
		{3444BE56-160D-2EC7-D3B3-750C58483293}.Release|Any CPU.ActiveCfg = Release|Any CPU
		{3444BE56-160D-2EC7-D3B3-750C58483293}.Release|Any CPU.Build.0 = Release|Any CPU
	EndGlobalSection
	GlobalSection(SolutionProperties) = preSolution
		HideSolutionNode = FALSE
	EndGlobalSection
	GlobalSection(MonoDevelopProperties) = preSolution
		StartupItem = Assembly-CSharp.csproj
	EndGlobalSection
EndGlobal
